
Microsoft Visual Studio Solution File, Format Version 12.00
# Visual Studio Version 17
VisualStudioVersion = 17.10.35013.160
MinimumVisualStudioVersion = 10.0.40219.1
Project("{FAE04EC0-301F-11D3-BF4B-00C04F79EFBC}") = "Tetris", "Tetris\Tetris.csproj", "{4C5C4524-F688-4238-BF0A-97E3F86031A2}"
EndProject
Global
	GlobalSection(SolutionConfigurationPlatforms) = preSolution
		Debug|Any CPU = Debug|Any CPU
		Release|Any CPU = Release|Any CPU
	EndGlobalSection
	GlobalSection(ProjectConfigurationPlatforms) = postSolution
		{4C5C4524-F688-4238-BF0A-97E3F86031A2}.Debug|Any CPU.ActiveCfg = Debug|Any CPU
		{4C5C4524-F688-4238-BF0A-97E3F86031A2}.Debug|Any CPU.Build.0 = Debug|Any CPU
		{4C5C4524-F688-4238-BF0A-97E3F86031A2}.Release|Any CPU.ActiveCfg = Release|Any CPU
		{4C5C4524-F688-4238-BF0A-97E3F86031A2}.Release|Any CPU.Build.0 = Release|Any CPU
	EndGlobalSection
	GlobalSection(SolutionProperties) = preSolution
		HideSolutionNode = FALSE
	EndGlobalSection
	GlobalSection(ExtensibilityGlobals) = postSolution
		SolutionGuid = {0B4DECB9-9248-465A-8C03-C258D3FB0680}
	EndGlobalSection
EndGlobal
